
Microsoft Visual Studio Solution File, Format Version 11.00
# Visual Studio 2010
Project("{FAE04EC0-301F-11D3-BF4B-00C04F79EFBC}") = "MarketMasterplace", "MarketMasterplace.csproj", "{E1B639AF-244E-4ADA-8DDC-8B2A78E5CCA0}"
EndProject
Global
	GlobalSection(SolutionConfigurationPlatforms) = preSolution
		Debug|x86 = Debug|x86
		Release|x86 = Release|x86
	EndGlobalSection
	GlobalSection(ProjectConfigurationPlatforms) = postSolution
		{E1B639AF-244E-4ADA-8DDC-8B2A78E5CCA0}.Debug|x86.ActiveCfg = Debug|x86
		{E1B639AF-244E-4ADA-8DDC-8B2A78E5CCA0}.Debug|x86.Build.0 = Debug|x86
		{E1B639AF-244E-4ADA-8DDC-8B2A78E5CCA0}.Release|x86.ActiveCfg = Release|x86
		{E1B639AF-244E-4ADA-8DDC-8B2A78E5CCA0}.Release|x86.Build.0 = Release|x86
	EndGlobalSection
	GlobalSection(SolutionProperties) = preSolution
		HideSolutionNode = FALSE
	EndGlobalSection
EndGlobal
